// !$*UTF8*$!
{
	archiveVersion = 1;
	classes = {
	};
	objectVersion = 56;
	objects = {

/* Begin PBXBuildFile section */
		5703ECBB299658DB00A2E26E /* WeatherTestCase.swift in Sources */ = {isa = PBXBuildFile; fileRef = 5703ECBA299658DB00A2E26E /* WeatherTestCase.swift */; };
		5703ECBD29965B0F00A2E26E /* Weather.json in Resources */ = {isa = PBXBuildFile; fileRef = 5703ECBC29965B0F00A2E26E /* Weather.json */; };
		5703ECBF29965E9700A2E26E /* FakeResponseData.swift in Sources */ = {isa = PBXBuildFile; fileRef = 5703ECBE29965E9700A2E26E /* FakeResponseData.swift */; };
		5703ECC129966D7700A2E26E /* URLSessionFake.swift in Sources */ = {isa = PBXBuildFile; fileRef = 5703ECC029966D7700A2E26E /* URLSessionFake.swift */; };
		5703ECC5299703DD00A2E26E /* Translate.json in Resources */ = {isa = PBXBuildFile; fileRef = 5703ECC4299703DD00A2E26E /* Translate.json */; };
		5703ECC7299703FA00A2E26E /* Change.json in Resources */ = {isa = PBXBuildFile; fileRef = 5703ECC6299703FA00A2E26E /* Change.json */; };
		5703ECC92997105D00A2E26E /* TranslateTestCase.swift in Sources */ = {isa = PBXBuildFile; fileRef = 5703ECC82997105D00A2E26E /* TranslateTestCase.swift */; };
		5703ECCB299715A900A2E26E /* ChangeTestCase.swift in Sources */ = {isa = PBXBuildFile; fileRef = 5703ECCA299715A900A2E26E /* ChangeTestCase.swift */; };
		5742F236298E70BC00E6D46A /* WeatherAPIHelper.swift in Sources */ = {isa = PBXBuildFile; fileRef = 5742F235298E70BC00E6D46A /* WeatherAPIHelper.swift */; };
		5742F238298E70F400E6D46A /* TranslateAPIHelper.swift in Sources */ = {isa = PBXBuildFile; fileRef = 5742F237298E70F400E6D46A /* TranslateAPIHelper.swift */; };
		5742F23A298E710600E6D46A /* ChangeAPIHelper.swift in Sources */ = {isa = PBXBuildFile; fileRef = 5742F239298E710600E6D46A /* ChangeAPIHelper.swift */; };
		5742F23C298E713200E6D46A /* WeatherAPIResult.swift in Sources */ = {isa = PBXBuildFile; fileRef = 5742F23B298E713200E6D46A /* WeatherAPIResult.swift */; };
		5742F23E298E714900E6D46A /* TranslateAPIResult.swift in Sources */ = {isa = PBXBuildFile; fileRef = 5742F23D298E714900E6D46A /* TranslateAPIResult.swift */; };
		5742F240298E715F00E6D46A /* ChangeAPIResult.swift in Sources */ = {isa = PBXBuildFile; fileRef = 5742F23F298E715F00E6D46A /* ChangeAPIResult.swift */; };
		5742F242298E71A700E6D46A /* Weather.swift in Sources */ = {isa = PBXBuildFile; fileRef = 5742F241298E71A700E6D46A /* Weather.swift */; };
		5742F244298E71B400E6D46A /* Translate.swift in Sources */ = {isa = PBXBuildFile; fileRef = 5742F243298E71B400E6D46A /* Translate.swift */; };
		5742F246298E71C000E6D46A /* Change.swift in Sources */ = {isa = PBXBuildFile; fileRef = 5742F245298E71C000E6D46A /* Change.swift */; };
		5758585E298DD46300F4B928 /* AppDelegate.swift in Sources */ = {isa = PBXBuildFile; fileRef = 5758585D298DD46300F4B928 /* AppDelegate.swift */; };
		57585860298DD46300F4B928 /* SceneDelegate.swift in Sources */ = {isa = PBXBuildFile; fileRef = 5758585F298DD46300F4B928 /* SceneDelegate.swift */; };
		57585865298DD46400F4B928 /* Main.storyboard in Resources */ = {isa = PBXBuildFile; fileRef = 57585863298DD46400F4B928 /* Main.storyboard */; };
		57585867298DD46800F4B928 /* Assets.xcassets in Resources */ = {isa = PBXBuildFile; fileRef = 57585866298DD46800F4B928 /* Assets.xcassets */; };
		5758586A298DD46800F4B928 /* LaunchScreen.storyboard in Resources */ = {isa = PBXBuildFile; fileRef = 57585868298DD46800F4B928 /* LaunchScreen.storyboard */; };
		57585877298DDBB900F4B928 /* ChangeViewController.swift in Sources */ = {isa = PBXBuildFile; fileRef = 57585876298DDBB900F4B928 /* ChangeViewController.swift */; };
		57585879298DDBD000F4B928 /* WeatherViewController.swift in Sources */ = {isa = PBXBuildFile; fileRef = 57585878298DDBD000F4B928 /* WeatherViewController.swift */; };
		5758587B298DDBE500F4B928 /* TranslateViewController.swift in Sources */ = {isa = PBXBuildFile; fileRef = 5758587A298DDBE500F4B928 /* TranslateViewController.swift */; };
/* End PBXBuildFile section */

/* Begin PBXContainerItemProxy section */
		5703ECB52996582500A2E26E /* PBXContainerItemProxy */ = {
			isa = PBXContainerItemProxy;
			containerPortal = 57585852298DD46300F4B928 /* Project object */;
			proxyType = 1;
			remoteGlobalIDString = 57585859298DD46300F4B928;
			remoteInfo = LeBaluchon;
		};
/* End PBXContainerItemProxy section */

/* Begin PBXFileReference section */
		5703ECB12996582400A2E26E /* LeBaluchonTests.xctest */ = {isa = PBXFileReference; explicitFileType = wrapper.cfbundle; includeInIndex = 0; path = LeBaluchonTests.xctest; sourceTree = BUILT_PRODUCTS_DIR; };
		5703ECBA299658DB00A2E26E /* WeatherTestCase.swift */ = {isa = PBXFileReference; lastKnownFileType = sourcecode.swift; path = WeatherTestCase.swift; sourceTree = "<group>"; };
		5703ECBC29965B0F00A2E26E /* Weather.json */ = {isa = PBXFileReference; lastKnownFileType = text.json; path = Weather.json; sourceTree = "<group>"; };
		5703ECBE29965E9700A2E26E /* FakeResponseData.swift */ = {isa = PBXFileReference; lastKnownFileType = sourcecode.swift; path = FakeResponseData.swift; sourceTree = "<group>"; };
		5703ECC029966D7700A2E26E /* URLSessionFake.swift */ = {isa = PBXFileReference; lastKnownFileType = sourcecode.swift; path = URLSessionFake.swift; sourceTree = "<group>"; };
		5703ECC4299703DD00A2E26E /* Translate.json */ = {isa = PBXFileReference; lastKnownFileType = text.json; path = Translate.json; sourceTree = "<group>"; };
		5703ECC6299703FA00A2E26E /* Change.json */ = {isa = PBXFileReference; lastKnownFileType = text.json; path = Change.json; sourceTree = "<group>"; };
		5703ECC82997105D00A2E26E /* TranslateTestCase.swift */ = {isa = PBXFileReference; lastKnownFileType = sourcecode.swift; path = TranslateTestCase.swift; sourceTree = "<group>"; };
		5703ECCA299715A900A2E26E /* ChangeTestCase.swift */ = {isa = PBXFileReference; lastKnownFileType = sourcecode.swift; path = ChangeTestCase.swift; sourceTree = "<group>"; };
		5742F235298E70BC00E6D46A /* WeatherAPIHelper.swift */ = {isa = PBXFileReference; lastKnownFileType = sourcecode.swift; path = WeatherAPIHelper.swift; sourceTree = "<group>"; };
		5742F237298E70F400E6D46A /* TranslateAPIHelper.swift */ = {isa = PBXFileReference; lastKnownFileType = sourcecode.swift; path = TranslateAPIHelper.swift; sourceTree = "<group>"; };
		5742F239298E710600E6D46A /* ChangeAPIHelper.swift */ = {isa = PBXFileReference; lastKnownFileType = sourcecode.swift; path = ChangeAPIHelper.swift; sourceTree = "<group>"; };
		5742F23B298E713200E6D46A /* WeatherAPIResult.swift */ = {isa = PBXFileReference; lastKnownFileType = sourcecode.swift; path = WeatherAPIResult.swift; sourceTree = "<group>"; };
		5742F23D298E714900E6D46A /* TranslateAPIResult.swift */ = {isa = PBXFileReference; lastKnownFileType = sourcecode.swift; path = TranslateAPIResult.swift; sourceTree = "<group>"; };
		5742F23F298E715F00E6D46A /* ChangeAPIResult.swift */ = {isa = PBXFileReference; lastKnownFileType = sourcecode.swift; path = ChangeAPIResult.swift; sourceTree = "<group>"; };
		5742F241298E71A700E6D46A /* Weather.swift */ = {isa = PBXFileReference; lastKnownFileType = sourcecode.swift; path = Weather.swift; sourceTree = "<group>"; };
		5742F243298E71B400E6D46A /* Translate.swift */ = {isa = PBXFileReference; lastKnownFileType = sourcecode.swift; path = Translate.swift; sourceTree = "<group>"; };
		5742F245298E71C000E6D46A /* Change.swift */ = {isa = PBXFileReference; lastKnownFileType = sourcecode.swift; path = Change.swift; sourceTree = "<group>"; };
		5758585A298DD46300F4B928 /* LeBaluchon.app */ = {isa = PBXFileReference; explicitFileType = wrapper.application; includeInIndex = 0; path = LeBaluchon.app; sourceTree = BUILT_PRODUCTS_DIR; };
		5758585D298DD46300F4B928 /* AppDelegate.swift */ = {isa = PBXFileReference; lastKnownFileType = sourcecode.swift; path = AppDelegate.swift; sourceTree = "<group>"; };
		5758585F298DD46300F4B928 /* SceneDelegate.swift */ = {isa = PBXFileReference; lastKnownFileType = sourcecode.swift; path = SceneDelegate.swift; sourceTree = "<group>"; };
		57585864298DD46400F4B928 /* Base */ = {isa = PBXFileReference; lastKnownFileType = file.storyboard; name = Base; path = Base.lproj/Main.storyboard; sourceTree = "<group>"; };
		57585866298DD46800F4B928 /* Assets.xcassets */ = {isa = PBXFileReference; lastKnownFileType = folder.assetcatalog; path = Assets.xcassets; sourceTree = "<group>"; };
		57585869298DD46800F4B928 /* Base */ = {isa = PBXFileReference; lastKnownFileType = file.storyboard; name = Base; path = Base.lproj/LaunchScreen.storyboard; sourceTree = "<group>"; };
		5758586B298DD46800F4B928 /* Info.plist */ = {isa = PBXFileReference; lastKnownFileType = text.plist.xml; path = Info.plist; sourceTree = "<group>"; };
		57585876298DDBB900F4B928 /* ChangeViewController.swift */ = {isa = PBXFileReference; lastKnownFileType = sourcecode.swift; path = ChangeViewController.swift; sourceTree = "<group>"; };
		57585878298DDBD000F4B928 /* WeatherViewController.swift */ = {isa = PBXFileReference; lastKnownFileType = sourcecode.swift; path = WeatherViewController.swift; sourceTree = "<group>"; };
		5758587A298DDBE500F4B928 /* TranslateViewController.swift */ = {isa = PBXFileReference; lastKnownFileType = sourcecode.swift; path = TranslateViewController.swift; sourceTree = "<group>"; };
/* End PBXFileReference section */

/* Begin PBXFrameworksBuildPhase section */
		5703ECAE2996582400A2E26E /* Frameworks */ = {
			isa = PBXFrameworksBuildPhase;
			buildActionMask = 2147483647;
			files = (
			);
			runOnlyForDeploymentPostprocessing = 0;
		};
		57585857298DD46300F4B928 /* Frameworks */ = {
			isa = PBXFrameworksBuildPhase;
			buildActionMask = 2147483647;
			files = (
			);
			runOnlyForDeploymentPostprocessing = 0;
		};
/* End PBXFrameworksBuildPhase section */

/* Begin PBXGroup section */
		5703ECB22996582400A2E26E /* LeBaluchonTests */ = {
			isa = PBXGroup;
			children = (
				5703ECCC299718B800A2E26E /* FakeDatas */,
				5703ECCD299718E400A2E26E /* Tests */,
				5703ECBE29965E9700A2E26E /* FakeResponseData.swift */,
				5703ECC029966D7700A2E26E /* URLSessionFake.swift */,
			);
			path = LeBaluchonTests;
			sourceTree = "<group>";
		};
		5703ECCC299718B800A2E26E /* FakeDatas */ = {
			isa = PBXGroup;
			children = (
				5703ECC6299703FA00A2E26E /* Change.json */,
				5703ECC4299703DD00A2E26E /* Translate.json */,
				5703ECBC29965B0F00A2E26E /* Weather.json */,
			);
			path = FakeDatas;
			sourceTree = "<group>";
		};
		5703ECCD299718E400A2E26E /* Tests */ = {
			isa = PBXGroup;
			children = (
				5703ECCA299715A900A2E26E /* ChangeTestCase.swift */,
				5703ECC82997105D00A2E26E /* TranslateTestCase.swift */,
				5703ECBA299658DB00A2E26E /* WeatherTestCase.swift */,
			);
			path = Tests;
			sourceTree = "<group>";
		};
		5703ECCE2997A83900A2E26E /* APIHelpers */ = {
			isa = PBXGroup;
			children = (
				5742F239298E710600E6D46A /* ChangeAPIHelper.swift */,
				5742F237298E70F400E6D46A /* TranslateAPIHelper.swift */,
				5742F235298E70BC00E6D46A /* WeatherAPIHelper.swift */,
			);
			path = APIHelpers;
			sourceTree = "<group>";
		};
		5703ECCF2997A85B00A2E26E /* APIResults */ = {
			isa = PBXGroup;
			children = (
				5742F23F298E715F00E6D46A /* ChangeAPIResult.swift */,
				5742F23D298E714900E6D46A /* TranslateAPIResult.swift */,
				5742F23B298E713200E6D46A /* WeatherAPIResult.swift */,
			);
			path = APIResults;
			sourceTree = "<group>";
		};
		57585851298DD46300F4B928 = {
			isa = PBXGroup;
			children = (
				5758585C298DD46300F4B928 /* LeBaluchon */,
				5703ECB22996582400A2E26E /* LeBaluchonTests */,
				5758585B298DD46300F4B928 /* Products */,
			);
			sourceTree = "<group>";
		};
		5758585B298DD46300F4B928 /* Products */ = {
			isa = PBXGroup;
			children = (
				5758585A298DD46300F4B928 /* LeBaluchon.app */,
				5703ECB12996582400A2E26E /* LeBaluchonTests.xctest */,
			);
			name = Products;
			sourceTree = "<group>";
		};
		5758585C298DD46300F4B928 /* LeBaluchon */ = {
			isa = PBXGroup;
			children = (
				57585871298DD82100F4B928 /* Model */,
				57585872298DD82C00F4B928 /* View */,
				57585873298DD83400F4B928 /* Controller */,
				5758585D298DD46300F4B928 /* AppDelegate.swift */,
				5758585F298DD46300F4B928 /* SceneDelegate.swift */,
				57585866298DD46800F4B928 /* Assets.xcassets */,
				5758586B298DD46800F4B928 /* Info.plist */,
			);
			path = LeBaluchon;
			sourceTree = "<group>";
		};
		57585871298DD82100F4B928 /* Model */ = {
			isa = PBXGroup;
			children = (
				5703ECCE2997A83900A2E26E /* APIHelpers */,
				5703ECCF2997A85B00A2E26E /* APIResults */,
				5742F241298E71A700E6D46A /* Weather.swift */,
				5742F243298E71B400E6D46A /* Translate.swift */,
				5742F245298E71C000E6D46A /* Change.swift */,
			);
			path = Model;
			sourceTree = "<group>";
		};
		57585872298DD82C00F4B928 /* View */ = {
			isa = PBXGroup;
			children = (
				57585863298DD46400F4B928 /* Main.storyboard */,
				57585868298DD46800F4B928 /* LaunchScreen.storyboard */,
			);
			path = View;
			sourceTree = "<group>";
		};
		57585873298DD83400F4B928 /* Controller */ = {
			isa = PBXGroup;
			children = (
				57585876298DDBB900F4B928 /* ChangeViewController.swift */,
				57585878298DDBD000F4B928 /* WeatherViewController.swift */,
				5758587A298DDBE500F4B928 /* TranslateViewController.swift */,
			);
			path = Controller;
			sourceTree = "<group>";
		};
/* End PBXGroup section */

/* Begin PBXNativeTarget section */
		5703ECB02996582400A2E26E /* LeBaluchonTests */ = {
			isa = PBXNativeTarget;
			buildConfigurationList = 5703ECB72996582500A2E26E /* Build configuration list for PBXNativeTarget "LeBaluchonTests" */;
			buildPhases = (
				5703ECAD2996582400A2E26E /* Sources */,
				5703ECAE2996582400A2E26E /* Frameworks */,
				5703ECAF2996582400A2E26E /* Resources */,
			);
			buildRules = (
			);
			dependencies = (
				5703ECB62996582500A2E26E /* PBXTargetDependency */,
			);
			name = LeBaluchonTests;
			productName = LeBaluchonTests;
			productReference = 5703ECB12996582400A2E26E /* LeBaluchonTests.xctest */;
			productType = "com.apple.product-type.bundle.unit-test";
		};
		57585859298DD46300F4B928 /* LeBaluchon */ = {
			isa = PBXNativeTarget;
			buildConfigurationList = 5758586E298DD46800F4B928 /* Build configuration list for PBXNativeTarget "LeBaluchon" */;
			buildPhases = (
				57585856298DD46300F4B928 /* Sources */,
				57585857298DD46300F4B928 /* Frameworks */,
				57585858298DD46300F4B928 /* Resources */,
			);
			buildRules = (
			);
			dependencies = (
			);
			name = LeBaluchon;
			productName = LeBaluchon;
			productReference = 5758585A298DD46300F4B928 /* LeBaluchon.app */;
			productType = "com.apple.product-type.application";
		};
/* End PBXNativeTarget section */

/* Begin PBXProject section */
		57585852298DD46300F4B928 /* Project object */ = {
			isa = PBXProject;
			attributes = {
				BuildIndependentTargetsInParallel = 1;
				LastSwiftUpdateCheck = 1400;
				LastUpgradeCheck = 1400;
				TargetAttributes = {
					5703ECB02996582400A2E26E = {
						CreatedOnToolsVersion = 14.0;
						LastSwiftMigration = 1400;
						TestTargetID = 57585859298DD46300F4B928;
					};
					57585859298DD46300F4B928 = {
						CreatedOnToolsVersion = 14.0;
					};
				};
			};
			buildConfigurationList = 57585855298DD46300F4B928 /* Build configuration list for PBXProject "LeBaluchon" */;
			compatibilityVersion = "Xcode 14.0";
			developmentRegion = en;
			hasScannedForEncodings = 0;
			knownRegions = (
				en,
				Base,
			);
			mainGroup = 57585851298DD46300F4B928;
			productRefGroup = 5758585B298DD46300F4B928 /* Products */;
			projectDirPath = "";
			projectRoot = "";
			targets = (
				57585859298DD46300F4B928 /* LeBaluchon */,
				5703ECB02996582400A2E26E /* LeBaluchonTests */,
			);
		};
/* End PBXProject section */

/* Begin PBXResourcesBuildPhase section */
		5703ECAF2996582400A2E26E /* Resources */ = {
			isa = PBXResourcesBuildPhase;
			buildActionMask = 2147483647;
			files = (
				5703ECC7299703FA00A2E26E /* Change.json in Resources */,
				5703ECC5299703DD00A2E26E /* Translate.json in Resources */,
				5703ECBD29965B0F00A2E26E /* Weather.json in Resources */,
			);
			runOnlyForDeploymentPostprocessing = 0;
		};
		57585858298DD46300F4B928 /* Resources */ = {
			isa = PBXResourcesBuildPhase;
			buildActionMask = 2147483647;
			files = (
				5758586A298DD46800F4B928 /* LaunchScreen.storyboard in Resources */,
				57585867298DD46800F4B928 /* Assets.xcassets in Resources */,
				57585865298DD46400F4B928 /* Main.storyboard in Resources */,
			);
			runOnlyForDeploymentPostprocessing = 0;
		};
/* End PBXResourcesBuildPhase section */

/* Begin PBXSourcesBuildPhase section */
		5703ECAD2996582400A2E26E /* Sources */ = {
			isa = PBXSourcesBuildPhase;
			buildActionMask = 2147483647;
			files = (
				5703ECC92997105D00A2E26E /* TranslateTestCase.swift in Sources */,
				5703ECC129966D7700A2E26E /* URLSessionFake.swift in Sources */,
				5703ECCB299715A900A2E26E /* ChangeTestCase.swift in Sources */,
				5703ECBF29965E9700A2E26E /* FakeResponseData.swift in Sources */,
				5703ECBB299658DB00A2E26E /* WeatherTestCase.swift in Sources */,
			);
			runOnlyForDeploymentPostprocessing = 0;
		};
		57585856298DD46300F4B928 /* Sources */ = {
			isa = PBXSourcesBuildPhase;
			buildActionMask = 2147483647;
			files = (
				5742F23C298E713200E6D46A /* WeatherAPIResult.swift in Sources */,
				5758585E298DD46300F4B928 /* AppDelegate.swift in Sources */,
				57585879298DDBD000F4B928 /* WeatherViewController.swift in Sources */,
				5742F240298E715F00E6D46A /* ChangeAPIResult.swift in Sources */,
				57585860298DD46300F4B928 /* SceneDelegate.swift in Sources */,
				5742F238298E70F400E6D46A /* TranslateAPIHelper.swift in Sources */,
				5742F242298E71A700E6D46A /* Weather.swift in Sources */,
				5742F23E298E714900E6D46A /* TranslateAPIResult.swift in Sources */,
				5742F23A298E710600E6D46A /* ChangeAPIHelper.swift in Sources */,
				5742F236298E70BC00E6D46A /* WeatherAPIHelper.swift in Sources */,
				5742F244298E71B400E6D46A /* Translate.swift in Sources */,
				5742F246298E71C000E6D46A /* Change.swift in Sources */,
				57585877298DDBB900F4B928 /* ChangeViewController.swift in Sources */,
				5758587B298DDBE500F4B928 /* TranslateViewController.swift in Sources */,
			);
			runOnlyForDeploymentPostprocessing = 0;
		};
/* End PBXSourcesBuildPhase section */

/* Begin PBXTargetDependency section */
		5703ECB62996582500A2E26E /* PBXTargetDependency */ = {
			isa = PBXTargetDependency;
			target = 57585859298DD46300F4B928 /* LeBaluchon */;
			targetProxy = 5703ECB52996582500A2E26E /* PBXContainerItemProxy */;
		};
/* End PBXTargetDependency section */

/* Begin PBXVariantGroup section */
		57585863298DD46400F4B928 /* Main.storyboard */ = {
			isa = PBXVariantGroup;
			children = (
				57585864298DD46400F4B928 /* Base */,
			);
			name = Main.storyboard;
			sourceTree = "<group>";
		};
		57585868298DD46800F4B928 /* LaunchScreen.storyboard */ = {
			isa = PBXVariantGroup;
			children = (
				57585869298DD46800F4B928 /* Base */,
			);
			name = LaunchScreen.storyboard;
			sourceTree = "<group>";
		};
/* End PBXVariantGroup section */

/* Begin XCBuildConfiguration section */
		5703ECB82996582500A2E26E /* Debug */ = {
			isa = XCBuildConfiguration;
			buildSettings = {
				BUNDLE_LOADER = "$(TEST_HOST)";
				CLANG_ENABLE_MODULES = YES;
				CODE_SIGN_STYLE = Automatic;
				CURRENT_PROJECT_VERSION = 1;
				GENERATE_INFOPLIST_FILE = YES;
				LD_RUNPATH_SEARCH_PATHS = (
					"$(inherited)",
					"@executable_path/Frameworks",
					"@loader_path/Frameworks",
				);
				MARKETING_VERSION = 1.0;
				PRODUCT_BUNDLE_IDENTIFIER = com.zerouta.wassim.LeBaluchonTests;
				PRODUCT_NAME = "$(TARGET_NAME)";
				SWIFT_EMIT_LOC_STRINGS = NO;
				SWIFT_OPTIMIZATION_LEVEL = "-Onone";
				SWIFT_VERSION = 5.0;
				TARGETED_DEVICE_FAMILY = "1,2";
				TEST_HOST = "$(BUILT_PRODUCTS_DIR)/LeBaluchon.app/$(BUNDLE_EXECUTABLE_FOLDER_PATH)/LeBaluchon";
			};
			name = Debug;
		};
		5703ECB92996582500A2E26E /* Release */ = {
			isa = XCBuildConfiguration;
			buildSettings = {
				BUNDLE_LOADER = "$(TEST_HOST)";
				CLANG_ENABLE_MODULES = YES;
				CODE_SIGN_STYLE = Automatic;
				CURRENT_PROJECT_VERSION = 1;
				GENERATE_INFOPLIST_FILE = YES;
				LD_RUNPATH_SEARCH_PATHS = (
					"$(inherited)",
					"@executable_path/Frameworks",
					"@loader_path/Frameworks",
				);
				MARKETING_VERSION = 1.0;
				PRODUCT_BUNDLE_IDENTIFIER = com.zerouta.wassim.LeBaluchonTests;
				PRODUCT_NAME = "$(TARGET_NAME)";
				SWIFT_EMIT_LOC_STRINGS = NO;
				SWIFT_VERSION = 5.0;
				TARGETED_DEVICE_FAMILY = "1,2";
				TEST_HOST = "$(BUILT_PRODUCTS_DIR)/LeBaluchon.app/$(BUNDLE_EXECUTABLE_FOLDER_PATH)/LeBaluchon";
			};
			name = Release;
		};
		5758586C298DD46800F4B928 /* Debug */ = {
			isa = XCBuildConfiguration;
			buildSettings = {
				ALWAYS_SEARCH_USER_PATHS = NO;
				CLANG_ANALYZER_NONNULL = YES;
				CLANG_ANALYZER_NUMBER_OBJECT_CONVERSION = YES_AGGRESSIVE;
				CLANG_CXX_LANGUAGE_STANDARD = "gnu++20";
				CLANG_ENABLE_MODULES = YES;
				CLANG_ENABLE_OBJC_ARC = YES;
				CLANG_ENABLE_OBJC_WEAK = YES;
				CLANG_WARN_BLOCK_CAPTURE_AUTORELEASING = YES;
				CLANG_WARN_BOOL_CONVERSION = YES;
				CLANG_WARN_COMMA = YES;
				CLANG_WARN_CONSTANT_CONVERSION = YES;
				CLANG_WARN_DEPRECATED_OBJC_IMPLEMENTATIONS = YES;
				CLANG_WARN_DIRECT_OBJC_ISA_USAGE = YES_ERROR;
				CLANG_WARN_DOCUMENTATION_COMMENTS = YES;
				CLANG_WARN_EMPTY_BODY = YES;
				CLANG_WARN_ENUM_CONVERSION = YES;
				CLANG_WARN_INFINITE_RECURSION = YES;
				CLANG_WARN_INT_CONVERSION = YES;
				CLANG_WARN_NON_LITERAL_NULL_CONVERSION = YES;
				CLANG_WARN_OBJC_IMPLICIT_RETAIN_SELF = YES;
				CLANG_WARN_OBJC_LITERAL_CONVERSION = YES;
				CLANG_WARN_OBJC_ROOT_CLASS = YES_ERROR;
				CLANG_WARN_QUOTED_INCLUDE_IN_FRAMEWORK_HEADER = YES;
				CLANG_WARN_RANGE_LOOP_ANALYSIS = YES;
				CLANG_WARN_STRICT_PROTOTYPES = YES;
				CLANG_WARN_SUSPICIOUS_MOVE = YES;
				CLANG_WARN_UNGUARDED_AVAILABILITY = YES_AGGRESSIVE;
				CLANG_WARN_UNREACHABLE_CODE = YES;
				CLANG_WARN__DUPLICATE_METHOD_MATCH = YES;
				COPY_PHASE_STRIP = NO;
				DEBUG_INFORMATION_FORMAT = dwarf;
				ENABLE_STRICT_OBJC_MSGSEND = YES;
				ENABLE_TESTABILITY = YES;
				GCC_C_LANGUAGE_STANDARD = gnu11;
				GCC_DYNAMIC_NO_PIC = NO;
				GCC_NO_COMMON_BLOCKS = YES;
				GCC_OPTIMIZATION_LEVEL = 0;
				GCC_PREPROCESSOR_DEFINITIONS = (
					"DEBUG=1",
					"$(inherited)",
				);
				GCC_WARN_64_TO_32_BIT_CONVERSION = YES;
				GCC_WARN_ABOUT_RETURN_TYPE = YES_ERROR;
				GCC_WARN_UNDECLARED_SELECTOR = YES;
				GCC_WARN_UNINITIALIZED_AUTOS = YES_AGGRESSIVE;
				GCC_WARN_UNUSED_FUNCTION = YES;
				GCC_WARN_UNUSED_VARIABLE = YES;
				IPHONEOS_DEPLOYMENT_TARGET = 16.0;
				MTL_ENABLE_DEBUG_INFO = INCLUDE_SOURCE;
				MTL_FAST_MATH = YES;
				ONLY_ACTIVE_ARCH = YES;
				SDKROOT = iphoneos;
				SWIFT_ACTIVE_COMPILATION_CONDITIONS = DEBUG;
				SWIFT_OPTIMIZATION_LEVEL = "-Onone";
			};
			name = Debug;
		};
		5758586D298DD46800F4B928 /* Release */ = {
			isa = XCBuildConfiguration;
			buildSettings = {
				ALWAYS_SEARCH_USER_PATHS = NO;
				CLANG_ANALYZER_NONNULL = YES;
				CLANG_ANALYZER_NUMBER_OBJECT_CONVERSION = YES_AGGRESSIVE;
				CLANG_CXX_LANGUAGE_STANDARD = "gnu++20";
				CLANG_ENABLE_MODULES = YES;
				CLANG_ENABLE_OBJC_ARC = YES;
				CLANG_ENABLE_OBJC_WEAK = YES;
				CLANG_WARN_BLOCK_CAPTURE_AUTORELEASING = YES;
				CLANG_WARN_BOOL_CONVERSION = YES;
				CLANG_WARN_COMMA = YES;
				CLANG_WARN_CONSTANT_CONVERSION = YES;
				CLANG_WARN_DEPRECATED_OBJC_IMPLEMENTATIONS = YES;
				CLANG_WARN_DIRECT_OBJC_ISA_USAGE = YES_ERROR;
				CLANG_WARN_DOCUMENTATION_COMMENTS = YES;
				CLANG_WARN_EMPTY_BODY = YES;
				CLANG_WARN_ENUM_CONVERSION = YES;
				CLANG_WARN_INFINITE_RECURSION = YES;
				CLANG_WARN_INT_CONVERSION = YES;
				CLANG_WARN_NON_LITERAL_NULL_CONVERSION = YES;
				CLANG_WARN_OBJC_IMPLICIT_RETAIN_SELF = YES;
				CLANG_WARN_OBJC_LITERAL_CONVERSION = YES;
				CLANG_WARN_OBJC_ROOT_CLASS = YES_ERROR;
				CLANG_WARN_QUOTED_INCLUDE_IN_FRAMEWORK_HEADER = YES;
				CLANG_WARN_RANGE_LOOP_ANALYSIS = YES;
				CLANG_WARN_STRICT_PROTOTYPES = YES;
				CLANG_WARN_SUSPICIOUS_MOVE = YES;
				CLANG_WARN_UNGUARDED_AVAILABILITY = YES_AGGRESSIVE;
				CLANG_WARN_UNREACHABLE_CODE = YES;
				CLANG_WARN__DUPLICATE_METHOD_MATCH = YES;
				COPY_PHASE_STRIP = NO;
				DEBUG_INFORMATION_FORMAT = "dwarf-with-dsym";
				ENABLE_NS_ASSERTIONS = NO;
				ENABLE_STRICT_OBJC_MSGSEND = YES;
				GCC_C_LANGUAGE_STANDARD = gnu11;
				GCC_NO_COMMON_BLOCKS = YES;
				GCC_WARN_64_TO_32_BIT_CONVERSION = YES;
				GCC_WARN_ABOUT_RETURN_TYPE = YES_ERROR;
				GCC_WARN_UNDECLARED_SELECTOR = YES;
				GCC_WARN_UNINITIALIZED_AUTOS = YES_AGGRESSIVE;
				GCC_WARN_UNUSED_FUNCTION = YES;
				GCC_WARN_UNUSED_VARIABLE = YES;
				IPHONEOS_DEPLOYMENT_TARGET = 16.0;
				MTL_ENABLE_DEBUG_INFO = NO;
				MTL_FAST_MATH = YES;
				SDKROOT = iphoneos;
				SWIFT_COMPILATION_MODE = wholemodule;
				SWIFT_OPTIMIZATION_LEVEL = "-O";
				VALIDATE_PRODUCT = YES;
			};
			name = Release;
		};
		5758586F298DD46800F4B928 /* Debug */ = {
			isa = XCBuildConfiguration;
			buildSettings = {
				ASSETCATALOG_COMPILER_APPICON_NAME = AppIcon;
				ASSETCATALOG_COMPILER_GLOBAL_ACCENT_COLOR_NAME = AccentColor;
				CODE_SIGN_STYLE = Automatic;
				CURRENT_PROJECT_VERSION = 1;
				GENERATE_INFOPLIST_FILE = YES;
				INFOPLIST_FILE = LeBaluchon/Info.plist;
				INFOPLIST_KEY_UIApplicationSupportsIndirectInputEvents = YES;
				INFOPLIST_KEY_UILaunchStoryboardName = LaunchScreen;
				INFOPLIST_KEY_UIMainStoryboardFile = Main;
				INFOPLIST_KEY_UISupportedInterfaceOrientations_iPad = "UIInterfaceOrientationPortrait UIInterfaceOrientationPortraitUpsideDown UIInterfaceOrientationLandscapeLeft UIInterfaceOrientationLandscapeRight";
				INFOPLIST_KEY_UISupportedInterfaceOrientations_iPhone = "UIInterfaceOrientationPortrait UIInterfaceOrientationLandscapeLeft UIInterfaceOrientationLandscapeRight";
				LD_RUNPATH_SEARCH_PATHS = (
					"$(inherited)",
					"@executable_path/Frameworks",
				);
				MARKETING_VERSION = 1.0;
				PRODUCT_BUNDLE_IDENTIFIER = com.zerouta.wassim.LeBaluchon;
				PRODUCT_NAME = "$(TARGET_NAME)";
				SWIFT_EMIT_LOC_STRINGS = YES;
				SWIFT_VERSION = 5.0;
				TARGETED_DEVICE_FAMILY = "1,2";
			};
			name = Debug;
		};
		57585870298DD46800F4B928 /* Release */ = {
			isa = XCBuildConfiguration;
			buildSettings = {
				ASSETCATALOG_COMPILER_APPICON_NAME = AppIcon;
				ASSETCATALOG_COMPILER_GLOBAL_ACCENT_COLOR_NAME = AccentColor;
				CODE_SIGN_STYLE = Automatic;
				CURRENT_PROJECT_VERSION = 1;
				GENERATE_INFOPLIST_FILE = YES;
				INFOPLIST_FILE = LeBaluchon/Info.plist;
				INFOPLIST_KEY_UIApplicationSupportsIndirectInputEvents = YES;
				INFOPLIST_KEY_UILaunchStoryboardName = LaunchScreen;
				INFOPLIST_KEY_UIMainStoryboardFile = Main;
				INFOPLIST_KEY_UISupportedInterfaceOrientations_iPad = "UIInterfaceOrientationPortrait UIInterfaceOrientationPortraitUpsideDown UIInterfaceOrientationLandscapeLeft UIInterfaceOrientationLandscapeRight";
				INFOPLIST_KEY_UISupportedInterfaceOrientations_iPhone = "UIInterfaceOrientationPortrait UIInterfaceOrientationLandscapeLeft UIInterfaceOrientationLandscapeRight";
				LD_RUNPATH_SEARCH_PATHS = (
					"$(inherited)",
					"@executable_path/Frameworks",
				);
				MARKETING_VERSION = 1.0;
				PRODUCT_BUNDLE_IDENTIFIER = com.zerouta.wassim.LeBaluchon;
				PRODUCT_NAME = "$(TARGET_NAME)";
				SWIFT_EMIT_LOC_STRINGS = YES;
				SWIFT_VERSION = 5.0;
				TARGETED_DEVICE_FAMILY = "1,2";
			};
			name = Release;
		};
/* End XCBuildConfiguration section */

/* Begin XCConfigurationList section */
		5703ECB72996582500A2E26E /* Build configuration list for PBXNativeTarget "LeBaluchonTests" */ = {
			isa = XCConfigurationList;
			buildConfigurations = (
				5703ECB82996582500A2E26E /* Debug */,
				5703ECB92996582500A2E26E /* Release */,
			);
			defaultConfigurationIsVisible = 0;
			defaultConfigurationName = Release;
		};
		57585855298DD46300F4B928 /* Build configuration list for PBXProject "LeBaluchon" */ = {
			isa = XCConfigurationList;
			buildConfigurations = (
				5758586C298DD46800F4B928 /* Debug */,
				5758586D298DD46800F4B928 /* Release */,
			);
			defaultConfigurationIsVisible = 0;
			defaultConfigurationName = Release;
		};
		5758586E298DD46800F4B928 /* Build configuration list for PBXNativeTarget "LeBaluchon" */ = {
			isa = XCConfigurationList;
			buildConfigurations = (
				5758586F298DD46800F4B928 /* Debug */,
				57585870298DD46800F4B928 /* Release */,
			);
			defaultConfigurationIsVisible = 0;
			defaultConfigurationName = Release;
		};
/* End XCConfigurationList section */
	};
	rootObject = 57585852298DD46300F4B928 /* Project object */;
}
